
Microsoft Visual Studio Solution File, Format Version 12.00
# Visual Studio Version 17
VisualStudioVersion = 17.14.36301.6
MinimumVisualStudioVersion = 10.0.40219.1
Project("{FAE04EC0-301F-11D3-BF4B-00C04F79EFBC}") = "InventoryWpfApp", "InventoryWpfApp\InventoryWpfApp.csproj", "{B2FCA62D-D41C-4D45-803E-6ECB9E310F5D}"
EndProject
Project("{FAE04EC0-301F-11D3-BF4B-00C04F79EFBC}") = "InventoryWpfApp.Tests", "InventoryWpfApp.Tests\InventoryWpfApp.Tests.csproj", "{21D6E715-4FA9-4CBE-97BB-1D635195D662}"
EndProject
Global
	GlobalSection(SolutionConfigurationPlatforms) = preSolution
		Debug|Any CPU = Debug|Any CPU
		Release|Any CPU = Release|Any CPU
	EndGlobalSection
	GlobalSection(ProjectConfigurationPlatforms) = postSolution
		{B2FCA62D-D41C-4D45-803E-6ECB9E310F5D}.Debug|Any CPU.ActiveCfg = Debug|Any CPU
		{B2FCA62D-D41C-4D45-803E-6ECB9E310F5D}.Debug|Any CPU.Build.0 = Debug|Any CPU
		{B2FCA62D-D41C-4D45-803E-6ECB9E310F5D}.Release|Any CPU.ActiveCfg = Release|Any CPU
		{B2FCA62D-D41C-4D45-803E-6ECB9E310F5D}.Release|Any CPU.Build.0 = Release|Any CPU
		{21D6E715-4FA9-4CBE-97BB-1D635195D662}.Debug|Any CPU.ActiveCfg = Debug|Any CPU
		{21D6E715-4FA9-4CBE-97BB-1D635195D662}.Debug|Any CPU.Build.0 = Debug|Any CPU
		{21D6E715-4FA9-4CBE-97BB-1D635195D662}.Release|Any CPU.ActiveCfg = Release|Any CPU
		{21D6E715-4FA9-4CBE-97BB-1D635195D662}.Release|Any CPU.Build.0 = Release|Any CPU
	EndGlobalSection
	GlobalSection(SolutionProperties) = preSolution
		HideSolutionNode = FALSE
	EndGlobalSection
	GlobalSection(ExtensibilityGlobals) = postSolution
		SolutionGuid = {B9D35F7A-E2DF-405C-B0AF-B9D60F58EBB4}
	EndGlobalSection
EndGlobal
