Microsoft Visual Studio Solution File, Format Version 12.00
# Visual Studio Version 17
VisualStudioVersion = 17.5.2.0
MinimumVisualStudioVersion = 10.0.40219.1
Project("{FAE04EC0-301F-11D3-BF4B-00C04F79EFBC}") = "InventoryWpfApp", "InventoryWpfApp.csproj", "{C779C4A1-56E6-550F-9657-73F832F10E21}"
EndProject
Global
	GlobalSection(SolutionConfigurationPlatforms) = preSolution
		Debug|Any CPU = Debug|Any CPU
		Release|Any CPU = Release|Any CPU
	EndGlobalSection
	GlobalSection(ProjectConfigurationPlatforms) = postSolution
		{C779C4A1-56E6-550F-9657-73F832F10E21}.Debug|Any CPU.ActiveCfg = Debug|Any CPU
		{C779C4A1-56E6-550F-9657-73F832F10E21}.Debug|Any CPU.Build.0 = Debug|Any CPU
		{C779C4A1-56E6-550F-9657-73F832F10E21}.Release|Any CPU.ActiveCfg = Release|Any CPU
		{C779C4A1-56E6-550F-9657-73F832F10E21}.Release|Any CPU.Build.0 = Release|Any CPU
	EndGlobalSection
	GlobalSection(SolutionProperties) = preSolution
		HideSolutionNode = FALSE
	EndGlobalSection
	GlobalSection(ExtensibilityGlobals) = postSolution
		SolutionGuid = {246066AB-0841-40DC-8E81-F5184B049F45}
	EndGlobalSection
EndGlobal
